
Microsoft Visual Studio Solution File, Format Version 12.00
# Visual Studio Version 17
VisualStudioVersion = 17.5.33530.505
MinimumVisualStudioVersion = 10.0.40219.1
Project("{FAE04EC0-301F-11D3-BF4B-00C04F79EFBC}") = "Arrays Em C#", "Arrays Em C#\Arrays Em C#.csproj", "{5AA76F49-AC14-4BCE-8436-EDE6ED5431B3}"
EndProject
Global
	GlobalSection(SolutionConfigurationPlatforms) = preSolution
		Debug|Any CPU = Debug|Any CPU
		Release|Any CPU = Release|Any CPU
	EndGlobalSection
	GlobalSection(ProjectConfigurationPlatforms) = postSolution
		{5AA76F49-AC14-4BCE-8436-EDE6ED5431B3}.Debug|Any CPU.ActiveCfg = Debug|Any CPU
		{5AA76F49-AC14-4BCE-8436-EDE6ED5431B3}.Debug|Any CPU.Build.0 = Debug|Any CPU
		{5AA76F49-AC14-4BCE-8436-EDE6ED5431B3}.Release|Any CPU.ActiveCfg = Release|Any CPU
		{5AA76F49-AC14-4BCE-8436-EDE6ED5431B3}.Release|Any CPU.Build.0 = Release|Any CPU
	EndGlobalSection
	GlobalSection(SolutionProperties) = preSolution
		HideSolutionNode = FALSE
	EndGlobalSection
	GlobalSection(ExtensibilityGlobals) = postSolution
		SolutionGuid = {618855C6-80F0-4167-AAA0-C43327E01551}
	EndGlobalSection
EndGlobal
