
Microsoft Visual Studio Solution File, Format Version 12.00
# Visual Studio Version 17
VisualStudioVersion = 17.5.33530.505
MinimumVisualStudioVersion = 10.0.40219.1
Project("{FAE04EC0-301F-11D3-BF4B-00C04F79EFBC}") = "TesteEmC#", "TesteEmC#\TesteEmC#.csproj", "{F5A6A356-5DF4-430F-A574-50EC4754ED0D}"
EndProject
Global
	GlobalSection(SolutionConfigurationPlatforms) = preSolution
		Debug|Any CPU = Debug|Any CPU
		Release|Any CPU = Release|Any CPU
	EndGlobalSection
	GlobalSection(ProjectConfigurationPlatforms) = postSolution
		{F5A6A356-5DF4-430F-A574-50EC4754ED0D}.Debug|Any CPU.ActiveCfg = Debug|Any CPU
		{F5A6A356-5DF4-430F-A574-50EC4754ED0D}.Debug|Any CPU.Build.0 = Debug|Any CPU
		{F5A6A356-5DF4-430F-A574-50EC4754ED0D}.Release|Any CPU.ActiveCfg = Release|Any CPU
		{F5A6A356-5DF4-430F-A574-50EC4754ED0D}.Release|Any CPU.Build.0 = Release|Any CPU
	EndGlobalSection
	GlobalSection(SolutionProperties) = preSolution
		HideSolutionNode = FALSE
	EndGlobalSection
	GlobalSection(ExtensibilityGlobals) = postSolution
		SolutionGuid = {1009DCE6-B494-45FF-AA74-B1844B4E1ED2}
	EndGlobalSection
EndGlobal
