
Microsoft Visual Studio Solution File, Format Version 12.00
# Visual Studio Version 17
VisualStudioVersion = 17.6.33723.286
MinimumVisualStudioVersion = 10.0.40219.1
Project("{FAE04EC0-301F-11D3-BF4B-00C04F79EFBC}") = "Abstracao formas geometricas", "Abstracao formas geometricas\Abstracao formas geometricas.csproj", "{1E43971B-F53A-4ED9-B0BD-16BDE47070A8}"
EndProject
Global
	GlobalSection(SolutionConfigurationPlatforms) = preSolution
		Debug|Any CPU = Debug|Any CPU
		Release|Any CPU = Release|Any CPU
	EndGlobalSection
	GlobalSection(ProjectConfigurationPlatforms) = postSolution
		{1E43971B-F53A-4ED9-B0BD-16BDE47070A8}.Debug|Any CPU.ActiveCfg = Debug|Any CPU
		{1E43971B-F53A-4ED9-B0BD-16BDE47070A8}.Debug|Any CPU.Build.0 = Debug|Any CPU
		{1E43971B-F53A-4ED9-B0BD-16BDE47070A8}.Release|Any CPU.ActiveCfg = Release|Any CPU
		{1E43971B-F53A-4ED9-B0BD-16BDE47070A8}.Release|Any CPU.Build.0 = Release|Any CPU
	EndGlobalSection
	GlobalSection(SolutionProperties) = preSolution
		HideSolutionNode = FALSE
	EndGlobalSection
	GlobalSection(ExtensibilityGlobals) = postSolution
		SolutionGuid = {CAB01DCC-272C-4509-8B36-37348CB273B2}
	EndGlobalSection
EndGlobal
