
Microsoft Visual Studio Solution File, Format Version 12.00
# Visual Studio Version 17
VisualStudioVersion = 17.6.33723.286
MinimumVisualStudioVersion = 10.0.40219.1
Project("{FAE04EC0-301F-11D3-BF4B-00C04F79EFBC}") = "interface geometrica", "interface geometrica\interface geometrica.csproj", "{5F4B80CC-5B27-4D3F-A912-B1E4D477DD86}"
EndProject
Global
	GlobalSection(SolutionConfigurationPlatforms) = preSolution
		Debug|Any CPU = Debug|Any CPU
		Release|Any CPU = Release|Any CPU
	EndGlobalSection
	GlobalSection(ProjectConfigurationPlatforms) = postSolution
		{5F4B80CC-5B27-4D3F-A912-B1E4D477DD86}.Debug|Any CPU.ActiveCfg = Debug|Any CPU
		{5F4B80CC-5B27-4D3F-A912-B1E4D477DD86}.Debug|Any CPU.Build.0 = Debug|Any CPU
		{5F4B80CC-5B27-4D3F-A912-B1E4D477DD86}.Release|Any CPU.ActiveCfg = Release|Any CPU
		{5F4B80CC-5B27-4D3F-A912-B1E4D477DD86}.Release|Any CPU.Build.0 = Release|Any CPU
	EndGlobalSection
	GlobalSection(SolutionProperties) = preSolution
		HideSolutionNode = FALSE
	EndGlobalSection
	GlobalSection(ExtensibilityGlobals) = postSolution
		SolutionGuid = {95706E34-797C-405D-9449-2D6BF6F13863}
	EndGlobalSection
EndGlobal
