
Microsoft Visual Studio Solution File, Format Version 12.00
# Visual Studio Version 17
VisualStudioVersion = 17.6.33723.286
MinimumVisualStudioVersion = 10.0.40219.1
Project("{FAE04EC0-301F-11D3-BF4B-00C04F79EFBC}") = "calendarioData", "calendarioData\calendarioData.csproj", "{6AB29F9E-3ABE-44DC-B08B-4B8F5BECB962}"
EndProject
Global
	GlobalSection(SolutionConfigurationPlatforms) = preSolution
		Debug|Any CPU = Debug|Any CPU
		Release|Any CPU = Release|Any CPU
	EndGlobalSection
	GlobalSection(ProjectConfigurationPlatforms) = postSolution
		{6AB29F9E-3ABE-44DC-B08B-4B8F5BECB962}.Debug|Any CPU.ActiveCfg = Debug|Any CPU
		{6AB29F9E-3ABE-44DC-B08B-4B8F5BECB962}.Debug|Any CPU.Build.0 = Debug|Any CPU
		{6AB29F9E-3ABE-44DC-B08B-4B8F5BECB962}.Release|Any CPU.ActiveCfg = Release|Any CPU
		{6AB29F9E-3ABE-44DC-B08B-4B8F5BECB962}.Release|Any CPU.Build.0 = Release|Any CPU
	EndGlobalSection
	GlobalSection(SolutionProperties) = preSolution
		HideSolutionNode = FALSE
	EndGlobalSection
	GlobalSection(ExtensibilityGlobals) = postSolution
		SolutionGuid = {1C34689A-8D6A-41CB-B713-8B10FF3519D0}
	EndGlobalSection
EndGlobal
