
Microsoft Visual Studio Solution File, Format Version 12.00
# Visual Studio Version 17
VisualStudioVersion = 17.6.33723.286
MinimumVisualStudioVersion = 10.0.40219.1
Project("{FAE04EC0-301F-11D3-BF4B-00C04F79EFBC}") = "LINQ treinamento", "LINQ treinamento\LINQ treinamento.csproj", "{15C60B72-B7C6-4F76-A9A9-52D226A698A4}"
EndProject
Global
	GlobalSection(SolutionConfigurationPlatforms) = preSolution
		Debug|Any CPU = Debug|Any CPU
		Release|Any CPU = Release|Any CPU
	EndGlobalSection
	GlobalSection(ProjectConfigurationPlatforms) = postSolution
		{15C60B72-B7C6-4F76-A9A9-52D226A698A4}.Debug|Any CPU.ActiveCfg = Debug|Any CPU
		{15C60B72-B7C6-4F76-A9A9-52D226A698A4}.Debug|Any CPU.Build.0 = Debug|Any CPU
		{15C60B72-B7C6-4F76-A9A9-52D226A698A4}.Release|Any CPU.ActiveCfg = Release|Any CPU
		{15C60B72-B7C6-4F76-A9A9-52D226A698A4}.Release|Any CPU.Build.0 = Release|Any CPU
	EndGlobalSection
	GlobalSection(SolutionProperties) = preSolution
		HideSolutionNode = FALSE
	EndGlobalSection
	GlobalSection(ExtensibilityGlobals) = postSolution
		SolutionGuid = {C408FD9D-F907-4044-A199-12DC592F8E35}
	EndGlobalSection
EndGlobal
