
Microsoft Visual Studio Solution File, Format Version 12.00
# Visual Studio Version 17
VisualStudioVersion = 17.6.33723.286
MinimumVisualStudioVersion = 10.0.40219.1
Project("{FAE04EC0-301F-11D3-BF4B-00C04F79EFBC}") = "Eventos Em C#", "Eventos Em C#\Eventos Em C#.csproj", "{168B2A8B-6245-4659-B455-0D067EA1AF6F}"
EndProject
Global
	GlobalSection(SolutionConfigurationPlatforms) = preSolution
		Debug|Any CPU = Debug|Any CPU
		Release|Any CPU = Release|Any CPU
	EndGlobalSection
	GlobalSection(ProjectConfigurationPlatforms) = postSolution
		{168B2A8B-6245-4659-B455-0D067EA1AF6F}.Debug|Any CPU.ActiveCfg = Debug|Any CPU
		{168B2A8B-6245-4659-B455-0D067EA1AF6F}.Debug|Any CPU.Build.0 = Debug|Any CPU
		{168B2A8B-6245-4659-B455-0D067EA1AF6F}.Release|Any CPU.ActiveCfg = Release|Any CPU
		{168B2A8B-6245-4659-B455-0D067EA1AF6F}.Release|Any CPU.Build.0 = Release|Any CPU
	EndGlobalSection
	GlobalSection(SolutionProperties) = preSolution
		HideSolutionNode = FALSE
	EndGlobalSection
	GlobalSection(ExtensibilityGlobals) = postSolution
		SolutionGuid = {7BF81181-5330-4B33-A259-36B534E140F6}
	EndGlobalSection
EndGlobal
