
Microsoft Visual Studio Solution File, Format Version 12.00
# Visual Studio Version 17
VisualStudioVersion = 17.6.33723.286
MinimumVisualStudioVersion = 10.0.40219.1
Project("{FAE04EC0-301F-11D3-BF4B-00C04F79EFBC}") = "aprendizado interface grafica", "aprendizado interface grafica\aprendizado interface grafica.csproj", "{BB30BD97-9F6D-4194-A391-FDDCBF8DA56D}"
EndProject
Global
	GlobalSection(SolutionConfigurationPlatforms) = preSolution
		Debug|Any CPU = Debug|Any CPU
		Release|Any CPU = Release|Any CPU
	EndGlobalSection
	GlobalSection(ProjectConfigurationPlatforms) = postSolution
		{BB30BD97-9F6D-4194-A391-FDDCBF8DA56D}.Debug|Any CPU.ActiveCfg = Debug|Any CPU
		{BB30BD97-9F6D-4194-A391-FDDCBF8DA56D}.Debug|Any CPU.Build.0 = Debug|Any CPU
		{BB30BD97-9F6D-4194-A391-FDDCBF8DA56D}.Release|Any CPU.ActiveCfg = Release|Any CPU
		{BB30BD97-9F6D-4194-A391-FDDCBF8DA56D}.Release|Any CPU.Build.0 = Release|Any CPU
	EndGlobalSection
	GlobalSection(SolutionProperties) = preSolution
		HideSolutionNode = FALSE
	EndGlobalSection
	GlobalSection(ExtensibilityGlobals) = postSolution
		SolutionGuid = {2E893313-1D28-4518-BE0F-2F57F9E1BE8B}
	EndGlobalSection
EndGlobal
